// !$*UTF8*$!
{
	archiveVersion = 1;
	classes = {
	};
	objectVersion = 46;
	objects = {

/* Begin PBXBuildFile section */
		04AFCA79FF461FDE9D23D318 /* libPods-tiantianzhibo.a in Frameworks */ = {isa = PBXBuildFile; fileRef = CFF8AE280A76011C3D16DD7E /* libPods-tiantianzhibo.a */; };
		4C68DF511D4E354F0009695C /* main.m in Sources */ = {isa = PBXBuildFile; fileRef = 4C68DF501D4E354F0009695C /* main.m */; };
		4C68DF541D4E354F0009695C /* AppDelegate.m in Sources */ = {isa = PBXBuildFile; fileRef = 4C68DF531D4E354F0009695C /* AppDelegate.m */; };
		4C68DF571D4E354F0009695C /* ViewController.m in Sources */ = {isa = PBXBuildFile; fileRef = 4C68DF561D4E354F0009695C /* ViewController.m */; };
		4C68DF5A1D4E354F0009695C /* Main.storyboard in Resources */ = {isa = PBXBuildFile; fileRef = 4C68DF581D4E354F0009695C /* Main.storyboard */; };
		4C68DF5C1D4E354F0009695C /* Assets.xcassets in Resources */ = {isa = PBXBuildFile; fileRef = 4C68DF5B1D4E354F0009695C /* Assets.xcassets */; };
		4C68DF5F1D4E354F0009695C /* LaunchScreen.storyboard in Resources */ = {isa = PBXBuildFile; fileRef = 4C68DF5D1D4E354F0009695C /* LaunchScreen.storyboard */; };
		4C9FA2A51D51AC9200F4FB38 /* libz.tbd in Frameworks */ = {isa = PBXBuildFile; fileRef = 4C9FA2A41D51AC9200F4FB38 /* libz.tbd */; };
		4C9FA2A71D51AC9E00F4FB38 /* libbz2.tbd in Frameworks */ = {isa = PBXBuildFile; fileRef = 4C9FA2A61D51AC9D00F4FB38 /* libbz2.tbd */; };
		4C9FA2A91D51ACAA00F4FB38 /* AudioToolbox.framework in Frameworks */ = {isa = PBXBuildFile; fileRef = 4C9FA2A81D51ACAA00F4FB38 /* AudioToolbox.framework */; };
		4C9FA2AB1D51ACC300F4FB38 /* AVFoundation.framework in Frameworks */ = {isa = PBXBuildFile; fileRef = 4C9FA2AA1D51ACC300F4FB38 /* AVFoundation.framework */; };
		4C9FA2AD1D51ACCA00F4FB38 /* CoreGraphics.framework in Frameworks */ = {isa = PBXBuildFile; fileRef = 4C9FA2AC1D51ACCA00F4FB38 /* CoreGraphics.framework */; };
		4C9FA2AF1D51ACE800F4FB38 /* IJKMediaFramework.framework in Frameworks */ = {isa = PBXBuildFile; fileRef = 4C9FA2AE1D51ACE800F4FB38 /* IJKMediaFramework.framework */; };
		4C9FA2B11D51ACF400F4FB38 /* CoreMedia.framework in Frameworks */ = {isa = PBXBuildFile; fileRef = 4C9FA2B01D51ACF400F4FB38 /* CoreMedia.framework */; };
		4C9FA2B31D51ACFD00F4FB38 /* CoreVideo.framework in Frameworks */ = {isa = PBXBuildFile; fileRef = 4C9FA2B21D51ACFD00F4FB38 /* CoreVideo.framework */; };
		4C9FA2B51D51AD0800F4FB38 /* MediaPlayer.framework in Frameworks */ = {isa = PBXBuildFile; fileRef = 4C9FA2B41D51AD0800F4FB38 /* MediaPlayer.framework */; };
		4C9FA2B71D51AD1200F4FB38 /* MobileCoreServices.framework in Frameworks */ = {isa = PBXBuildFile; fileRef = 4C9FA2B61D51AD1200F4FB38 /* MobileCoreServices.framework */; };
		4C9FA2B91D51AD1C00F4FB38 /* OpenGLES.framework in Frameworks */ = {isa = PBXBuildFile; fileRef = 4C9FA2B81D51AD1C00F4FB38 /* OpenGLES.framework */; };
		4C9FA2BB1D51AD2500F4FB38 /* QuartzCore.framework in Frameworks */ = {isa = PBXBuildFile; fileRef = 4C9FA2BA1D51AD2500F4FB38 /* QuartzCore.framework */; };
		4C9FA2BD1D51AD2F00F4FB38 /* UIKit.framework in Frameworks */ = {isa = PBXBuildFile; fileRef = 4C9FA2BC1D51AD2F00F4FB38 /* UIKit.framework */; };
		4C9FA2BF1D51AD3800F4FB38 /* VideoToolbox.framework in Frameworks */ = {isa = PBXBuildFile; fileRef = 4C9FA2BE1D51AD3800F4FB38 /* VideoToolbox.framework */; };
/* End PBXBuildFile section */

/* Begin PBXFileReference section */
		4C68DF4C1D4E354F0009695C /* tiantianzhibo.app */ = {isa = PBXFileReference; explicitFileType = wrapper.application; includeInIndex = 0; path = tiantianzhibo.app; sourceTree = BUILT_PRODUCTS_DIR; };
		4C68DF501D4E354F0009695C /* main.m */ = {isa = PBXFileReference; lastKnownFileType = sourcecode.c.objc; path = main.m; sourceTree = "<group>"; };
		4C68DF521D4E354F0009695C /* AppDelegate.h */ = {isa = PBXFileReference; lastKnownFileType = sourcecode.c.h; path = AppDelegate.h; sourceTree = "<group>"; };
		4C68DF531D4E354F0009695C /* AppDelegate.m */ = {isa = PBXFileReference; lastKnownFileType = sourcecode.c.objc; path = AppDelegate.m; sourceTree = "<group>"; };
		4C68DF551D4E354F0009695C /* ViewController.h */ = {isa = PBXFileReference; lastKnownFileType = sourcecode.c.h; path = ViewController.h; sourceTree = "<group>"; };
		4C68DF561D4E354F0009695C /* ViewController.m */ = {isa = PBXFileReference; lastKnownFileType = sourcecode.c.objc; path = ViewController.m; sourceTree = "<group>"; };
		4C68DF591D4E354F0009695C /* Base */ = {isa = PBXFileReference; lastKnownFileType = file.storyboard; name = Base; path = Base.lproj/Main.storyboard; sourceTree = "<group>"; };
		4C68DF5B1D4E354F0009695C /* Assets.xcassets */ = {isa = PBXFileReference; lastKnownFileType = folder.assetcatalog; path = Assets.xcassets; sourceTree = "<group>"; };
		4C68DF5E1D4E354F0009695C /* Base */ = {isa = PBXFileReference; lastKnownFileType = file.storyboard; name = Base; path = Base.lproj/LaunchScreen.storyboard; sourceTree = "<group>"; };
		4C68DF601D4E354F0009695C /* Info.plist */ = {isa = PBXFileReference; lastKnownFileType = text.plist.xml; path = Info.plist; sourceTree = "<group>"; };
		4C9FA2A41D51AC9200F4FB38 /* libz.tbd */ = {isa = PBXFileReference; lastKnownFileType = "sourcecode.text-based-dylib-definition"; name = libz.tbd; path = usr/lib/libz.tbd; sourceTree = SDKROOT; };
		4C9FA2A61D51AC9D00F4FB38 /* libbz2.tbd */ = {isa = PBXFileReference; lastKnownFileType = "sourcecode.text-based-dylib-definition"; name = libbz2.tbd; path = usr/lib/libbz2.tbd; sourceTree = SDKROOT; };
		4C9FA2A81D51ACAA00F4FB38 /* AudioToolbox.framework */ = {isa = PBXFileReference; lastKnownFileType = wrapper.framework; name = AudioToolbox.framework; path = System/Library/Frameworks/AudioToolbox.framework; sourceTree = SDKROOT; };
		4C9FA2AA1D51ACC300F4FB38 /* AVFoundation.framework */ = {isa = PBXFileReference; lastKnownFileType = wrapper.framework; name = AVFoundation.framework; path = System/Library/Frameworks/AVFoundation.framework; sourceTree = SDKROOT; };
		4C9FA2AC1D51ACCA00F4FB38 /* CoreGraphics.framework */ = {isa = PBXFileReference; lastKnownFileType = wrapper.framework; name = CoreGraphics.framework; path = System/Library/Frameworks/CoreGraphics.framework; sourceTree = SDKROOT; };
		4C9FA2AE1D51ACE800F4FB38 /* IJKMediaFramework.framework */ = {isa = PBXFileReference; lastKnownFileType = wrapper.framework; path = IJKMediaFramework.framework; sourceTree = "<group>"; };
		4C9FA2B01D51ACF400F4FB38 /* CoreMedia.framework */ = {isa = PBXFileReference; lastKnownFileType = wrapper.framework; name = CoreMedia.framework; path = System/Library/Frameworks/CoreMedia.framework; sourceTree = SDKROOT; };
		4C9FA2B21D51ACFD00F4FB38 /* CoreVideo.framework */ = {isa = PBXFileReference; lastKnownFileType = wrapper.framework; name = CoreVideo.framework; path = System/Library/Frameworks/CoreVideo.framework; sourceTree = SDKROOT; };
		4C9FA2B41D51AD0800F4FB38 /* MediaPlayer.framework */ = {isa = PBXFileReference; lastKnownFileType = wrapper.framework; name = MediaPlayer.framework; path = System/Library/Frameworks/MediaPlayer.framework; sourceTree = SDKROOT; };
		4C9FA2B61D51AD1200F4FB38 /* MobileCoreServices.framework */ = {isa = PBXFileReference; lastKnownFileType = wrapper.framework; name = MobileCoreServices.framework; path = System/Library/Frameworks/MobileCoreServices.framework; sourceTree = SDKROOT; };
		4C9FA2B81D51AD1C00F4FB38 /* OpenGLES.framework */ = {isa = PBXFileReference; lastKnownFileType = wrapper.framework; name = OpenGLES.framework; path = System/Library/Frameworks/OpenGLES.framework; sourceTree = SDKROOT; };
		4C9FA2BA1D51AD2500F4FB38 /* QuartzCore.framework */ = {isa = PBXFileReference; lastKnownFileType = wrapper.framework; name = QuartzCore.framework; path = System/Library/Frameworks/QuartzCore.framework; sourceTree = SDKROOT; };
		4C9FA2BC1D51AD2F00F4FB38 /* UIKit.framework */ = {isa = PBXFileReference; lastKnownFileType = wrapper.framework; name = UIKit.framework; path = System/Library/Frameworks/UIKit.framework; sourceTree = SDKROOT; };
		4C9FA2BE1D51AD3800F4FB38 /* VideoToolbox.framework */ = {isa = PBXFileReference; lastKnownFileType = wrapper.framework; name = VideoToolbox.framework; path = System/Library/Frameworks/VideoToolbox.framework; sourceTree = SDKROOT; };
		6BDA2C253ECBCB618DBAA218 /* Pods-tiantianzhibo.release.xcconfig */ = {isa = PBXFileReference; includeInIndex = 1; lastKnownFileType = text.xcconfig; name = "Pods-tiantianzhibo.release.xcconfig"; path = "Pods/Target Support Files/Pods-tiantianzhibo/Pods-tiantianzhibo.release.xcconfig"; sourceTree = "<group>"; };
		B172D9EEF2619272EBB792AD /* Pods-tiantianzhibo.debug.xcconfig */ = {isa = PBXFileReference; includeInIndex = 1; lastKnownFileType = text.xcconfig; name = "Pods-tiantianzhibo.debug.xcconfig"; path = "Pods/Target Support Files/Pods-tiantianzhibo/Pods-tiantianzhibo.debug.xcconfig"; sourceTree = "<group>"; };
		CFF8AE280A76011C3D16DD7E /* libPods-tiantianzhibo.a */ = {isa = PBXFileReference; explicitFileType = archive.ar; includeInIndex = 0; path = "libPods-tiantianzhibo.a"; sourceTree = BUILT_PRODUCTS_DIR; };
/* End PBXFileReference section */

/* Begin PBXFrameworksBuildPhase section */
		4C68DF491D4E354F0009695C /* Frameworks */ = {
			isa = PBXFrameworksBuildPhase;
			buildActionMask = 2147483647;
			files = (
				4C9FA2BF1D51AD3800F4FB38 /* VideoToolbox.framework in Frameworks */,
				4C9FA2BD1D51AD2F00F4FB38 /* UIKit.framework in Frameworks */,
				4C9FA2BB1D51AD2500F4FB38 /* QuartzCore.framework in Frameworks */,
				4C9FA2B91D51AD1C00F4FB38 /* OpenGLES.framework in Frameworks */,
				4C9FA2B71D51AD1200F4FB38 /* MobileCoreServices.framework in Frameworks */,
				4C9FA2B51D51AD0800F4FB38 /* MediaPlayer.framework in Frameworks */,
				4C9FA2B31D51ACFD00F4FB38 /* CoreVideo.framework in Frameworks */,
				4C9FA2B11D51ACF400F4FB38 /* CoreMedia.framework in Frameworks */,
				4C9FA2AF1D51ACE800F4FB38 /* IJKMediaFramework.framework in Frameworks */,
				4C9FA2AD1D51ACCA00F4FB38 /* CoreGraphics.framework in Frameworks */,
				4C9FA2AB1D51ACC300F4FB38 /* AVFoundation.framework in Frameworks */,
				4C9FA2A91D51ACAA00F4FB38 /* AudioToolbox.framework in Frameworks */,
				4C9FA2A71D51AC9E00F4FB38 /* libbz2.tbd in Frameworks */,
				4C9FA2A51D51AC9200F4FB38 /* libz.tbd in Frameworks */,
				04AFCA79FF461FDE9D23D318 /* libPods-tiantianzhibo.a in Frameworks */,
			);
			runOnlyForDeploymentPostprocessing = 0;
		};
/* End PBXFrameworksBuildPhase section */

/* Begin PBXGroup section */
		0A4A57B411E84880E4E78F67 /* Pods */ = {
			isa = PBXGroup;
			children = (
				B172D9EEF2619272EBB792AD /* Pods-tiantianzhibo.debug.xcconfig */,
				6BDA2C253ECBCB618DBAA218 /* Pods-tiantianzhibo.release.xcconfig */,
			);
			name = Pods;
			sourceTree = "<group>";
		};
		36B4DF0CDD5061A6E2BC01A2 /* Frameworks */ = {
			isa = PBXGroup;
			children = (
				4C9FA2BE1D51AD3800F4FB38 /* VideoToolbox.framework */,
				4C9FA2BC1D51AD2F00F4FB38 /* UIKit.framework */,
				4C9FA2BA1D51AD2500F4FB38 /* QuartzCore.framework */,
				4C9FA2B81D51AD1C00F4FB38 /* OpenGLES.framework */,
				4C9FA2B61D51AD1200F4FB38 /* MobileCoreServices.framework */,
				4C9FA2B41D51AD0800F4FB38 /* MediaPlayer.framework */,
				4C9FA2B21D51ACFD00F4FB38 /* CoreVideo.framework */,
				4C9FA2B01D51ACF400F4FB38 /* CoreMedia.framework */,
				4C9FA2AE1D51ACE800F4FB38 /* IJKMediaFramework.framework */,
				4C9FA2AC1D51ACCA00F4FB38 /* CoreGraphics.framework */,
				4C9FA2AA1D51ACC300F4FB38 /* AVFoundation.framework */,
				4C9FA2A81D51ACAA00F4FB38 /* AudioToolbox.framework */,
				4C9FA2A61D51AC9D00F4FB38 /* libbz2.tbd */,
				4C9FA2A41D51AC9200F4FB38 /* libz.tbd */,
				CFF8AE280A76011C3D16DD7E /* libPods-tiantianzhibo.a */,
			);
			name = Frameworks;
			sourceTree = "<group>";
		};
		4C68DF431D4E354F0009695C = {
			isa = PBXGroup;
			children = (
				4C68DF4E1D4E354F0009695C /* tiantianzhibo */,
				4C68DF4D1D4E354F0009695C /* Products */,
				0A4A57B411E84880E4E78F67 /* Pods */,
				36B4DF0CDD5061A6E2BC01A2 /* Frameworks */,
			);
			sourceTree = "<group>";
		};
		4C68DF4D1D4E354F0009695C /* Products */ = {
			isa = PBXGroup;
			children = (
				4C68DF4C1D4E354F0009695C /* tiantianzhibo.app */,
			);
			name = Products;
			sourceTree = "<group>";
		};
		4C68DF4E1D4E354F0009695C /* tiantianzhibo */ = {
			isa = PBXGroup;
			children = (
				4C68DF521D4E354F0009695C /* AppDelegate.h */,
				4C68DF531D4E354F0009695C /* AppDelegate.m */,
				4C68DF551D4E354F0009695C /* ViewController.h */,
				4C68DF561D4E354F0009695C /* ViewController.m */,
				4C68DF581D4E354F0009695C /* Main.storyboard */,
				4C68DF5B1D4E354F0009695C /* Assets.xcassets */,
				4C68DF5D1D4E354F0009695C /* LaunchScreen.storyboard */,
				4C68DF601D4E354F0009695C /* Info.plist */,
				4C68DF4F1D4E354F0009695C /* Supporting Files */,
			);
			path = tiantianzhibo;
			sourceTree = "<group>";
		};
		4C68DF4F1D4E354F0009695C /* Supporting Files */ = {
			isa = PBXGroup;
			children = (
				4C68DF501D4E354F0009695C /* main.m */,
			);
			name = "Supporting Files";
			sourceTree = "<group>";
		};
/* End PBXGroup section */

/* Begin PBXNativeTarget section */
		4C68DF4B1D4E354F0009695C /* tiantianzhibo */ = {
			isa = PBXNativeTarget;
			buildConfigurationList = 4C68DF631D4E354F0009695C /* Build configuration list for PBXNativeTarget "tiantianzhibo" */;
			buildPhases = (
				75C6602880BDFF7D2D1DA651 /* [CP] Check Pods Manifest.lock */,
				4C68DF481D4E354F0009695C /* Sources */,
				4C68DF491D4E354F0009695C /* Frameworks */,
				4C68DF4A1D4E354F0009695C /* Resources */,
				4DA00A959B98CAB5850916EE /* [CP] Embed Pods Frameworks */,
				83DA3ABF8020C2F024D7E962 /* [CP] Copy Pods Resources */,
			);
			buildRules = (
			);
			dependencies = (
			);
			name = tiantianzhibo;
			productName = tiantianzhibo;
			productReference = 4C68DF4C1D4E354F0009695C /* tiantianzhibo.app */;
			productType = "com.apple.product-type.application";
		};
/* End PBXNativeTarget section */

/* Begin PBXProject section */
		4C68DF441D4E354F0009695C /* Project object */ = {
			isa = PBXProject;
			attributes = {
				LastUpgradeCheck = 0730;
				ORGANIZATIONNAME = michael;
				TargetAttributes = {
					4C68DF4B1D4E354F0009695C = {
						CreatedOnToolsVersion = 7.3.1;
					};
				};
			};
			buildConfigurationList = 4C68DF471D4E354F0009695C /* Build configuration list for PBXProject "tiantianzhibo" */;
			compatibilityVersion = "Xcode 3.2";
			developmentRegion = English;
			hasScannedForEncodings = 0;
			knownRegions = (
				en,
				Base,
			);
			mainGroup = 4C68DF431D4E354F0009695C;
			productRefGroup = 4C68DF4D1D4E354F0009695C /* Products */;
			projectDirPath = "";
			projectRoot = "";
			targets = (
				4C68DF4B1D4E354F0009695C /* tiantianzhibo */,
			);
		};
/* End PBXProject section */

/* Begin PBXResourcesBuildPhase section */
		4C68DF4A1D4E354F0009695C /* Resources */ = {
			isa = PBXResourcesBuildPhase;
			buildActionMask = 2147483647;
			files = (
				4C68DF5F1D4E354F0009695C /* LaunchScreen.storyboard in Resources */,
				4C68DF5C1D4E354F0009695C /* Assets.xcassets in Resources */,
				4C68DF5A1D4E354F0009695C /* Main.storyboard in Resources */,
			);
			runOnlyForDeploymentPostprocessing = 0;
		};
/* End PBXResourcesBuildPhase section */

/* Begin PBXShellScriptBuildPhase section */
		4DA00A959B98CAB5850916EE /* [CP] Embed Pods Frameworks */ = {
			isa = PBXShellScriptBuildPhase;
			buildActionMask = 2147483647;
			files = (
			);
			inputPaths = (
			);
			name = "[CP] Embed Pods Frameworks";
			outputPaths = (
			);
			runOnlyForDeploymentPostprocessing = 0;
			shellPath = /bin/sh;
			shellScript = "\"${SRCROOT}/Pods/Target Support Files/Pods-tiantianzhibo/Pods-tiantianzhibo-frameworks.sh\"\n";
			showEnvVarsInLog = 0;
		};
		75C6602880BDFF7D2D1DA651 /* [CP] Check Pods Manifest.lock */ = {
			isa = PBXShellScriptBuildPhase;
			buildActionMask = 2147483647;
			files = (
			);
			inputPaths = (
			);
			name = "[CP] Check Pods Manifest.lock";
			outputPaths = (
			);
			runOnlyForDeploymentPostprocessing = 0;
			shellPath = /bin/sh;
			shellScript = "diff \"${PODS_ROOT}/../Podfile.lock\" \"${PODS_ROOT}/Manifest.lock\" > /dev/null\nif [[ $? != 0 ]] ; then\n    cat << EOM\nerror: The sandbox is not in sync with the Podfile.lock. Run 'pod install' or update your CocoaPods installation.\nEOM\n    exit 1\nfi\n";
			showEnvVarsInLog = 0;
		};
		83DA3ABF8020C2F024D7E962 /* [CP] Copy Pods Resources */ = {
			isa = PBXShellScriptBuildPhase;
			buildActionMask = 2147483647;
			files = (
			);
			inputPaths = (
			);
			name = "[CP] Copy Pods Resources";
			outputPaths = (
			);
			runOnlyForDeploymentPostprocessing = 0;
			shellPath = /bin/sh;
			shellScript = "\"${SRCROOT}/Pods/Target Support Files/Pods-tiantianzhibo/Pods-tiantianzhibo-resources.sh\"\n";
			showEnvVarsInLog = 0;
		};
/* End PBXShellScriptBuildPhase section */

/* Begin PBXSourcesBuildPhase section */
		4C68DF481D4E354F0009695C /* Sources */ = {
			isa = PBXSourcesBuildPhase;
			buildActionMask = 2147483647;
			files = (
				4C68DF571D4E354F0009695C /* ViewController.m in Sources */,
				4C68DF541D4E354F0009695C /* AppDelegate.m in Sources */,
				4C68DF511D4E354F0009695C /* main.m in Sources */,
			);
			runOnlyForDeploymentPostprocessing = 0;
		};
/* End PBXSourcesBuildPhase section */

/* Begin PBXVariantGroup section */
		4C68DF581D4E354F0009695C /* Main.storyboard */ = {
			isa = PBXVariantGroup;
			children = (
				4C68DF591D4E354F0009695C /* Base */,
			);
			name = Main.storyboard;
			sourceTree = "<group>";
		};
		4C68DF5D1D4E354F0009695C /* LaunchScreen.storyboard */ = {
			isa = PBXVariantGroup;
			children = (
				4C68DF5E1D4E354F0009695C /* Base */,
			);
			name = LaunchScreen.storyboard;
			sourceTree = "<group>";
		};
/* End PBXVariantGroup section */

/* Begin XCBuildConfiguration section */
		4C68DF611D4E354F0009695C /* Debug */ = {
			isa = XCBuildConfiguration;
			buildSettings = {
				ALWAYS_SEARCH_USER_PATHS = NO;
				CLANG_ANALYZER_NONNULL = YES;
				CLANG_CXX_LANGUAGE_STANDARD = "gnu++0x";
				CLANG_CXX_LIBRARY = "libc++";
				CLANG_ENABLE_MODULES = YES;
				CLANG_ENABLE_OBJC_ARC = YES;
				CLANG_WARN_BOOL_CONVERSION = YES;
				CLANG_WARN_CONSTANT_CONVERSION = YES;
				CLANG_WARN_DIRECT_OBJC_ISA_USAGE = YES_ERROR;
				CLANG_WARN_EMPTY_BODY = YES;
				CLANG_WARN_ENUM_CONVERSION = YES;
				CLANG_WARN_INT_CONVERSION = YES;
				CLANG_WARN_OBJC_ROOT_CLASS = YES_ERROR;
				CLANG_WARN_UNREACHABLE_CODE = YES;
				CLANG_WARN__DUPLICATE_METHOD_MATCH = YES;
				"CODE_SIGN_IDENTITY[sdk=iphoneos*]" = "iPhone Developer";
				COPY_PHASE_STRIP = NO;
				DEBUG_INFORMATION_FORMAT = dwarf;
				ENABLE_STRICT_OBJC_MSGSEND = YES;
				ENABLE_TESTABILITY = YES;
				GCC_C_LANGUAGE_STANDARD = gnu99;
				GCC_DYNAMIC_NO_PIC = NO;
				GCC_NO_COMMON_BLOCKS = YES;
				GCC_OPTIMIZATION_LEVEL = 0;
				GCC_PREPROCESSOR_DEFINITIONS = (
					"DEBUG=1",
					"$(inherited)",
				);
				GCC_WARN_64_TO_32_BIT_CONVERSION = YES;
				GCC_WARN_ABOUT_RETURN_TYPE = YES_ERROR;
				GCC_WARN_UNDECLARED_SELECTOR = YES;
				GCC_WARN_UNINITIALIZED_AUTOS = YES_AGGRESSIVE;
				GCC_WARN_UNUSED_FUNCTION = YES;
				GCC_WARN_UNUSED_VARIABLE = YES;
				IPHONEOS_DEPLOYMENT_TARGET = 9.3;
				MTL_ENABLE_DEBUG_INFO = YES;
				ONLY_ACTIVE_ARCH = YES;
				SDKROOT = iphoneos;
			};
			name = Debug;
		};
		4C68DF621D4E354F0009695C /* Release */ = {
			isa = XCBuildConfiguration;
			buildSettings = {
				ALWAYS_SEARCH_USER_PATHS = NO;
				CLANG_ANALYZER_NONNULL = YES;
				CLANG_CXX_LANGUAGE_STANDARD = "gnu++0x";
				CLANG_CXX_LIBRARY = "libc++";
				CLANG_ENABLE_MODULES = YES;
				CLANG_ENABLE_OBJC_ARC = YES;
				CLANG_WARN_BOOL_CONVERSION = YES;
				CLANG_WARN_CONSTANT_CONVERSION = YES;
				CLANG_WARN_DIRECT_OBJC_ISA_USAGE = YES_ERROR;
				CLANG_WARN_EMPTY_BODY = YES;
				CLANG_WARN_ENUM_CONVERSION = YES;
				CLANG_WARN_INT_CONVERSION = YES;
				CLANG_WARN_OBJC_ROOT_CLASS = YES_ERROR;
				CLANG_WARN_UNREACHABLE_CODE = YES;
				CLANG_WARN__DUPLICATE_METHOD_MATCH = YES;
				"CODE_SIGN_IDENTITY[sdk=iphoneos*]" = "iPhone Developer";
				COPY_PHASE_STRIP = NO;
				DEBUG_INFORMATION_FORMAT = "dwarf-with-dsym";
				ENABLE_NS_ASSERTIONS = NO;
				ENABLE_STRICT_OBJC_MSGSEND = YES;
				GCC_C_LANGUAGE_STANDARD = gnu99;
				GCC_NO_COMMON_BLOCKS = YES;
				GCC_WARN_64_TO_32_BIT_CONVERSION = YES;
				GCC_WARN_ABOUT_RETURN_TYPE = YES_ERROR;
				GCC_WARN_UNDECLARED_SELECTOR = YES;
				GCC_WARN_UNINITIALIZED_AUTOS = YES_AGGRESSIVE;
				GCC_WARN_UNUSED_FUNCTION = YES;
				GCC_WARN_UNUSED_VARIABLE = YES;
				IPHONEOS_DEPLOYMENT_TARGET = 9.3;
				MTL_ENABLE_DEBUG_INFO = NO;
				SDKROOT = iphoneos;
				VALIDATE_PRODUCT = YES;
			};
			name = Release;
		};
		4C68DF641D4E354F0009695C /* Debug */ = {
			isa = XCBuildConfiguration;
			baseConfigurationReference = B172D9EEF2619272EBB792AD /* Pods-tiantianzhibo.debug.xcconfig */;
			buildSettings = {
				ASSETCATALOG_COMPILER_APPICON_NAME = AppIcon;
				FRAMEWORK_SEARCH_PATHS = (
					"$(inherited)",
					"$(PROJECT_DIR)",
				);
				INFOPLIST_FILE = tiantianzhibo/Info.plist;
				LD_RUNPATH_SEARCH_PATHS = "$(inherited) @executable_path/Frameworks";
				PRODUCT_BUNDLE_IDENTIFIER = yunmo.tiantianzhibo;
				PRODUCT_NAME = "$(TARGET_NAME)";
			};
			name = Debug;
		};
		4C68DF651D4E354F0009695C /* Release */ = {
			isa = XCBuildConfiguration;
			baseConfigurationReference = 6BDA2C253ECBCB618DBAA218 /* Pods-tiantianzhibo.release.xcconfig */;
			buildSettings = {
				ASSETCATALOG_COMPILER_APPICON_NAME = AppIcon;
				FRAMEWORK_SEARCH_PATHS = (
					"$(inherited)",
					"$(PROJECT_DIR)",
				);
				INFOPLIST_FILE = tiantianzhibo/Info.plist;
				LD_RUNPATH_SEARCH_PATHS = "$(inherited) @executable_path/Frameworks";
				PRODUCT_BUNDLE_IDENTIFIER = yunmo.tiantianzhibo;
				PRODUCT_NAME = "$(TARGET_NAME)";
			};
			name = Release;
		};
/* End XCBuildConfiguration section */

/* Begin XCConfigurationList section */
		4C68DF471D4E354F0009695C /* Build configuration list for PBXProject "tiantianzhibo" */ = {
			isa = XCConfigurationList;
			buildConfigurations = (
				4C68DF611D4E354F0009695C /* Debug */,
				4C68DF621D4E354F0009695C /* Release */,
			);
			defaultConfigurationIsVisible = 0;
			defaultConfigurationName = Release;
		};
		4C68DF631D4E354F0009695C /* Build configuration list for PBXNativeTarget "tiantianzhibo" */ = {
			isa = XCConfigurationList;
			buildConfigurations = (
				4C68DF641D4E354F0009695C /* Debug */,
				4C68DF651D4E354F0009695C /* Release */,
			);
			defaultConfigurationIsVisible = 0;
			defaultConfigurationName = Release;
		};
/* End XCConfigurationList section */
	};
	rootObject = 4C68DF441D4E354F0009695C /* Project object */;
}
